
Microsoft Visual Studio Solution File, Format Version 12.00
# Visual Studio 15
VisualStudioVersion = 15.0.27703.2042
MinimumVisualStudioVersion = 10.0.40219.1
Project("{FAE04EC0-301F-11D3-BF4B-00C04F79EFBC}") = "ConsoleApp13", "ConsoleApp13\ConsoleApp13.csproj", "{2443C953-653D-4672-8DCA-8D668E8BC40F}"
EndProject
Global
	GlobalSection(SolutionConfigurationPlatforms) = preSolution
		Debug|Any CPU = Debug|Any CPU
		Release|Any CPU = Release|Any CPU
	EndGlobalSection
	GlobalSection(ProjectConfigurationPlatforms) = postSolution
		{2443C953-653D-4672-8DCA-8D668E8BC40F}.Debug|Any CPU.ActiveCfg = Debug|Any CPU
		{2443C953-653D-4672-8DCA-8D668E8BC40F}.Debug|Any CPU.Build.0 = Debug|Any CPU
		{2443C953-653D-4672-8DCA-8D668E8BC40F}.Release|Any CPU.ActiveCfg = Release|Any CPU
		{2443C953-653D-4672-8DCA-8D668E8BC40F}.Release|Any CPU.Build.0 = Release|Any CPU
	EndGlobalSection
	GlobalSection(SolutionProperties) = preSolution
		HideSolutionNode = FALSE
	EndGlobalSection
	GlobalSection(ExtensibilityGlobals) = postSolution
		SolutionGuid = {8A55341D-644B-4674-A224-2C11B1224240}
	EndGlobalSection
EndGlobal
